
Microsoft Visual Studio Solution File, Format Version 12.00
# Visual Studio Version 17
VisualStudioVersion = 17.3.32819.101
MinimumVisualStudioVersion = 10.0.40219.1
Project("{FAE04EC0-301F-11D3-BF4B-00C04F79EFBC}") = "ResponsiJunpro", "ResponsiJunpro.csproj", "{CF36A617-DD7D-41D0-9F9E-CC0C792FCEDF}"
EndProject
Global
	GlobalSection(SolutionConfigurationPlatforms) = preSolution
		Debug|Any CPU = Debug|Any CPU
		Release|Any CPU = Release|Any CPU
	EndGlobalSection
	GlobalSection(ProjectConfigurationPlatforms) = postSolution
		{CF36A617-DD7D-41D0-9F9E-CC0C792FCEDF}.Debug|Any CPU.ActiveCfg = Debug|Any CPU
		{CF36A617-DD7D-41D0-9F9E-CC0C792FCEDF}.Debug|Any CPU.Build.0 = Debug|Any CPU
		{CF36A617-DD7D-41D0-9F9E-CC0C792FCEDF}.Release|Any CPU.ActiveCfg = Release|Any CPU
		{CF36A617-DD7D-41D0-9F9E-CC0C792FCEDF}.Release|Any CPU.Build.0 = Release|Any CPU
	EndGlobalSection
	GlobalSection(SolutionProperties) = preSolution
		HideSolutionNode = FALSE
	EndGlobalSection
	GlobalSection(ExtensibilityGlobals) = postSolution
		SolutionGuid = {2267564F-618E-430D-B40E-200891164BEB}
	EndGlobalSection
EndGlobal
